
Microsoft Visual Studio Solution File, Format Version 12.00
# Visual Studio 15
VisualStudioVersion = 15.0.27703.2042
MinimumVisualStudioVersion = 10.0.40219.1
Project("{FAE04EC0-301F-11D3-BF4B-00C04F79EFBC}") = "Homeworksales", "Homeworksales\Homeworksales.csproj", "{CF40F718-0B51-46CD-9960-D7881AE6703A}"
EndProject
Global
	GlobalSection(SolutionConfigurationPlatforms) = preSolution
		Debug|Any CPU = Debug|Any CPU
		Release|Any CPU = Release|Any CPU
	EndGlobalSection
	GlobalSection(ProjectConfigurationPlatforms) = postSolution
		{CF40F718-0B51-46CD-9960-D7881AE6703A}.Debug|Any CPU.ActiveCfg = Debug|Any CPU
		{CF40F718-0B51-46CD-9960-D7881AE6703A}.Debug|Any CPU.Build.0 = Debug|Any CPU
		{CF40F718-0B51-46CD-9960-D7881AE6703A}.Release|Any CPU.ActiveCfg = Release|Any CPU
		{CF40F718-0B51-46CD-9960-D7881AE6703A}.Release|Any CPU.Build.0 = Release|Any CPU
	EndGlobalSection
	GlobalSection(SolutionProperties) = preSolution
		HideSolutionNode = FALSE
	EndGlobalSection
	GlobalSection(ExtensibilityGlobals) = postSolution
		SolutionGuid = {5AC08F9F-D1E4-43CF-AF5D-F021B3354422}
	EndGlobalSection
EndGlobal
